
Microsoft Visual Studio Solution File, Format Version 12.00
# Visual Studio Version 16
VisualStudioVersion = 16.0.29209.62
MinimumVisualStudioVersion = 10.0.40219.1
Project("{FAE04EC0-301F-11D3-BF4B-00C04F79EFBC}") = "N1", "N1\N1.csproj", "{0BE60190-19E9-417B-ABA2-60B4457FB7B0}"
EndProject
Project("{FAE04EC0-301F-11D3-BF4B-00C04F79EFBC}") = "N2", "N2\N2.csproj", "{AEA37BB7-A42B-4500-9607-7160D99AA8C7}"
EndProject
Project("{FAE04EC0-301F-11D3-BF4B-00C04F79EFBC}") = "N3", "N3\N3.csproj", "{0F7C0557-16C5-445D-A8ED-8AE2C41F440F}"
EndProject
Global
	GlobalSection(SolutionConfigurationPlatforms) = preSolution
		Debug|Any CPU = Debug|Any CPU
		Release|Any CPU = Release|Any CPU
	EndGlobalSection
	GlobalSection(ProjectConfigurationPlatforms) = postSolution
		{0BE60190-19E9-417B-ABA2-60B4457FB7B0}.Debug|Any CPU.ActiveCfg = Debug|Any CPU
		{0BE60190-19E9-417B-ABA2-60B4457FB7B0}.Debug|Any CPU.Build.0 = Debug|Any CPU
		{0BE60190-19E9-417B-ABA2-60B4457FB7B0}.Release|Any CPU.ActiveCfg = Release|Any CPU
		{0BE60190-19E9-417B-ABA2-60B4457FB7B0}.Release|Any CPU.Build.0 = Release|Any CPU
		{AEA37BB7-A42B-4500-9607-7160D99AA8C7}.Debug|Any CPU.ActiveCfg = Debug|Any CPU
		{AEA37BB7-A42B-4500-9607-7160D99AA8C7}.Debug|Any CPU.Build.0 = Debug|Any CPU
		{AEA37BB7-A42B-4500-9607-7160D99AA8C7}.Release|Any CPU.ActiveCfg = Release|Any CPU
		{AEA37BB7-A42B-4500-9607-7160D99AA8C7}.Release|Any CPU.Build.0 = Release|Any CPU
		{0F7C0557-16C5-445D-A8ED-8AE2C41F440F}.Debug|Any CPU.ActiveCfg = Debug|Any CPU
		{0F7C0557-16C5-445D-A8ED-8AE2C41F440F}.Debug|Any CPU.Build.0 = Debug|Any CPU
		{0F7C0557-16C5-445D-A8ED-8AE2C41F440F}.Release|Any CPU.ActiveCfg = Release|Any CPU
		{0F7C0557-16C5-445D-A8ED-8AE2C41F440F}.Release|Any CPU.Build.0 = Release|Any CPU
	EndGlobalSection
	GlobalSection(SolutionProperties) = preSolution
		HideSolutionNode = FALSE
	EndGlobalSection
	GlobalSection(ExtensibilityGlobals) = postSolution
		SolutionGuid = {06072EA7-6A86-4B46-A6A8-57F38B7754B1}
	EndGlobalSection
EndGlobal
