
Microsoft Visual Studio Solution File, Format Version 12.00
# Visual Studio Version 16
VisualStudioVersion = 16.0.29209.62
MinimumVisualStudioVersion = 10.0.40219.1
Project("{FAE04EC0-301F-11D3-BF4B-00C04F79EFBC}") = "Algortirmo de Cálculo de Área", "Algortirmo de Cálculo de Área\Algortirmo de Cálculo de Área.csproj", "{7D820085-AFF9-43C0-90F0-72F2E4ADF6CE}"
EndProject
Global
	GlobalSection(SolutionConfigurationPlatforms) = preSolution
		Debug|Any CPU = Debug|Any CPU
		Release|Any CPU = Release|Any CPU
	EndGlobalSection
	GlobalSection(ProjectConfigurationPlatforms) = postSolution
		{7D820085-AFF9-43C0-90F0-72F2E4ADF6CE}.Debug|Any CPU.ActiveCfg = Debug|Any CPU
		{7D820085-AFF9-43C0-90F0-72F2E4ADF6CE}.Debug|Any CPU.Build.0 = Debug|Any CPU
		{7D820085-AFF9-43C0-90F0-72F2E4ADF6CE}.Release|Any CPU.ActiveCfg = Release|Any CPU
		{7D820085-AFF9-43C0-90F0-72F2E4ADF6CE}.Release|Any CPU.Build.0 = Release|Any CPU
	EndGlobalSection
	GlobalSection(SolutionProperties) = preSolution
		HideSolutionNode = FALSE
	EndGlobalSection
	GlobalSection(ExtensibilityGlobals) = postSolution
		SolutionGuid = {2A101E4F-3894-4FAC-81E9-246F4D257616}
	EndGlobalSection
EndGlobal
