
Microsoft Visual Studio Solution File, Format Version 12.00
# Visual Studio Version 16
VisualStudioVersion = 16.0.29209.62
MinimumVisualStudioVersion = 10.0.40219.1
Project("{FAE04EC0-301F-11D3-BF4B-00C04F79EFBC}") = "UtilizandoOWhile", "UtilizandoOWhile\UtilizandoOWhile.csproj", "{485CDE45-F4EA-4DEC-9EB2-387EB10D8A9E}"
EndProject
Project("{FAE04EC0-301F-11D3-BF4B-00C04F79EFBC}") = "UtilizandoOFor", "UtilizandoOFor\UtilizandoOFor.csproj", "{FBF0213A-B94E-4446-B41F-91775F705191}"
EndProject
Project("{FAE04EC0-301F-11D3-BF4B-00C04F79EFBC}") = "ExercicioUsandoWhile", "ExercicioUsandoFor\ExercicioUsandoWhile.csproj", "{F5A79E9C-3218-4520-9174-5939240E35FF}"
EndProject
Project("{FAE04EC0-301F-11D3-BF4B-00C04F79EFBC}") = "ExercícioUtilizandoOFor", "ExercícioUtilizandoOFor\ExercícioUtilizandoOFor.csproj", "{206BA188-C27B-4C8C-9A4B-BE4C6CEC74B6}"
EndProject
Project("{FAE04EC0-301F-11D3-BF4B-00C04F79EFBC}") = "FindByFor", "ForWhile\FindByFor.csproj", "{BB91CCE1-DD17-4E1E-B2ED-AAE5C98B3FC9}"
EndProject
Project("{FAE04EC0-301F-11D3-BF4B-00C04F79EFBC}") = "FindByWhile", "FindByWhile\FindByWhile.csproj", "{72AC0645-EB3A-4060-98EE-E823B2DC1BA0}"
EndProject
Project("{FAE04EC0-301F-11D3-BF4B-00C04F79EFBC}") = "ForFind", "ForFind\ForFind.csproj", "{B4D105C8-D62F-417F-84C0-CDFD9580E41F}"
EndProject
Global
	GlobalSection(SolutionConfigurationPlatforms) = preSolution
		Debug|Any CPU = Debug|Any CPU
		Release|Any CPU = Release|Any CPU
	EndGlobalSection
	GlobalSection(ProjectConfigurationPlatforms) = postSolution
		{485CDE45-F4EA-4DEC-9EB2-387EB10D8A9E}.Debug|Any CPU.ActiveCfg = Debug|Any CPU
		{485CDE45-F4EA-4DEC-9EB2-387EB10D8A9E}.Debug|Any CPU.Build.0 = Debug|Any CPU
		{485CDE45-F4EA-4DEC-9EB2-387EB10D8A9E}.Release|Any CPU.ActiveCfg = Release|Any CPU
		{485CDE45-F4EA-4DEC-9EB2-387EB10D8A9E}.Release|Any CPU.Build.0 = Release|Any CPU
		{FBF0213A-B94E-4446-B41F-91775F705191}.Debug|Any CPU.ActiveCfg = Debug|Any CPU
		{FBF0213A-B94E-4446-B41F-91775F705191}.Debug|Any CPU.Build.0 = Debug|Any CPU
		{FBF0213A-B94E-4446-B41F-91775F705191}.Release|Any CPU.ActiveCfg = Release|Any CPU
		{FBF0213A-B94E-4446-B41F-91775F705191}.Release|Any CPU.Build.0 = Release|Any CPU
		{F5A79E9C-3218-4520-9174-5939240E35FF}.Debug|Any CPU.ActiveCfg = Debug|Any CPU
		{F5A79E9C-3218-4520-9174-5939240E35FF}.Debug|Any CPU.Build.0 = Debug|Any CPU
		{F5A79E9C-3218-4520-9174-5939240E35FF}.Release|Any CPU.ActiveCfg = Release|Any CPU
		{F5A79E9C-3218-4520-9174-5939240E35FF}.Release|Any CPU.Build.0 = Release|Any CPU
		{206BA188-C27B-4C8C-9A4B-BE4C6CEC74B6}.Debug|Any CPU.ActiveCfg = Debug|Any CPU
		{206BA188-C27B-4C8C-9A4B-BE4C6CEC74B6}.Debug|Any CPU.Build.0 = Debug|Any CPU
		{206BA188-C27B-4C8C-9A4B-BE4C6CEC74B6}.Release|Any CPU.ActiveCfg = Release|Any CPU
		{206BA188-C27B-4C8C-9A4B-BE4C6CEC74B6}.Release|Any CPU.Build.0 = Release|Any CPU
		{BB91CCE1-DD17-4E1E-B2ED-AAE5C98B3FC9}.Debug|Any CPU.ActiveCfg = Debug|Any CPU
		{BB91CCE1-DD17-4E1E-B2ED-AAE5C98B3FC9}.Debug|Any CPU.Build.0 = Debug|Any CPU
		{BB91CCE1-DD17-4E1E-B2ED-AAE5C98B3FC9}.Release|Any CPU.ActiveCfg = Release|Any CPU
		{BB91CCE1-DD17-4E1E-B2ED-AAE5C98B3FC9}.Release|Any CPU.Build.0 = Release|Any CPU
		{72AC0645-EB3A-4060-98EE-E823B2DC1BA0}.Debug|Any CPU.ActiveCfg = Debug|Any CPU
		{72AC0645-EB3A-4060-98EE-E823B2DC1BA0}.Debug|Any CPU.Build.0 = Debug|Any CPU
		{72AC0645-EB3A-4060-98EE-E823B2DC1BA0}.Release|Any CPU.ActiveCfg = Release|Any CPU
		{72AC0645-EB3A-4060-98EE-E823B2DC1BA0}.Release|Any CPU.Build.0 = Release|Any CPU
		{B4D105C8-D62F-417F-84C0-CDFD9580E41F}.Debug|Any CPU.ActiveCfg = Debug|Any CPU
		{B4D105C8-D62F-417F-84C0-CDFD9580E41F}.Debug|Any CPU.Build.0 = Debug|Any CPU
		{B4D105C8-D62F-417F-84C0-CDFD9580E41F}.Release|Any CPU.ActiveCfg = Release|Any CPU
		{B4D105C8-D62F-417F-84C0-CDFD9580E41F}.Release|Any CPU.Build.0 = Release|Any CPU
	EndGlobalSection
	GlobalSection(SolutionProperties) = preSolution
		HideSolutionNode = FALSE
	EndGlobalSection
	GlobalSection(ExtensibilityGlobals) = postSolution
		SolutionGuid = {AE05379C-C947-4B2B-8A0A-2417419F9D69}
	EndGlobalSection
EndGlobal
